
Microsoft Visual Studio Solution File, Format Version 12.00
# Visual Studio Version 16
VisualStudioVersion = 16.0.31424.327
MinimumVisualStudioVersion = 10.0.40219.1
Project("{FAE04EC0-301F-11D3-BF4B-00C04F79EFBC}") = "NalFix", "NalFix\NalFix.csproj", "{0A099630-912E-469A-A8BB-248BBE8922AD}"
EndProject
Global
	GlobalSection(SolutionConfigurationPlatforms) = preSolution
		Debug|Any CPU = Debug|Any CPU
		Release|Any CPU = Release|Any CPU
	EndGlobalSection
	GlobalSection(ProjectConfigurationPlatforms) = postSolution
		{0A099630-912E-469A-A8BB-248BBE8922AD}.Debug|Any CPU.ActiveCfg = Debug|Any CPU
		{0A099630-912E-469A-A8BB-248BBE8922AD}.Debug|Any CPU.Build.0 = Debug|Any CPU
		{0A099630-912E-469A-A8BB-248BBE8922AD}.Release|Any CPU.ActiveCfg = Release|Any CPU
		{0A099630-912E-469A-A8BB-248BBE8922AD}.Release|Any CPU.Build.0 = Release|Any CPU
	EndGlobalSection
	GlobalSection(SolutionProperties) = preSolution
		HideSolutionNode = FALSE
	EndGlobalSection
	GlobalSection(ExtensibilityGlobals) = postSolution
		SolutionGuid = {C7D5B5BB-533F-4600-AFD7-5B841524E66B}
	EndGlobalSection
EndGlobal
